{
  "originHash" : "e520fe2e7a6a0ca8db76e7a14becde3a88b860c77086647508f3baaed1a003db",
  "pins" : [
    {
      "identity" : "okio-fork-for-swift-build",
      "kind" : "remoteSourceControl",
      "location" : "https://github.com/rbbozkurt/okio-fork-for-swift-build",
      "state" : {
        "revision" : "16ff15e5f6fb7b1aa680aacda80a013c2fcd9ae0",
        "version" : "3.17.0-swiftpm-SNAPSHOT.1"
      }
    }
  ],
  "version" : 3
}
