{
  "originHash" : "f1bbbcef16d85e7793ad199368d21d81fa73e41a95249c4625f2ed4b9bf4c8d4",
  "pins" : [
    {
      "identity" : "okio-fork-for-swift-build",
      "kind" : "remoteSourceControl",
      "location" : "https://github.com/rbbozkurt/okio-fork-for-swift-build",
      "state" : {
        "revision" : "f855987c66c5bc003634e89d3897ef8e1c6a666d",
        "version" : "3.17.0-swiftpm-SNAPSHOT.3"
      }
    }
  ],
  "version" : 3
}
