{
  "originHash" : "998d1285ff743a0da2af1e81117231d1e5c80f14e4be72417160ff7354566a5f",
  "pins" : [
    {
      "identity" : "okio-fork-for-swift-build",
      "kind" : "remoteSourceControl",
      "location" : "https://github.com/rbbozkurt/okio-fork-for-swift-build",
      "state" : {
        "revision" : "c5bdc3be304022fe967a98fb3851cb88d0272232",
        "version" : "3.17.0-swiftpm-SNAPSHOT.2"
      }
    }
  ],
  "version" : 3
}
